// !$*UTF8*$!
{
	archiveVersion = 1;
	classes = {
	};
	objectVersion = 56;
	objects = {

/* Begin PBXBuildFile section */
		6920415C29B0889B00594E5C /* sdkdemo_macApp.swift in Sources */ = {isa = PBXBuildFile; fileRef = 6920415B29B0889B00594E5C /* sdkdemo_macApp.swift */; };
		6920415E29B0889B00594E5C /* ContentView.swift in Sources */ = {isa = PBXBuildFile; fileRef = 6920415D29B0889B00594E5C /* ContentView.swift */; };
		6920416029B0889D00594E5C /* Assets.xcassets in Resources */ = {isa = PBXBuildFile; fileRef = 6920415F29B0889D00594E5C /* Assets.xcassets */; };
		6920416329B0889D00594E5C /* Preview Assets.xcassets in Resources */ = {isa = PBXBuildFile; fileRef = 6920416229B0889D00594E5C /* Preview Assets.xcassets */; };
		6920416529B0889D00594E5C /* Persistence.swift in Sources */ = {isa = PBXBuildFile; fileRef = 6920416429B0889D00594E5C /* Persistence.swift */; };
		6920416829B0889D00594E5C /* sdkdemo_mac.xcdatamodeld in Sources */ = {isa = PBXBuildFile; fileRef = 6920416629B0889D00594E5C /* sdkdemo_mac.xcdatamodeld */; };
/* End PBXBuildFile section */

/* Begin PBXFileReference section */
		6920415829B0889B00594E5C /* sdkdemo-mac.app */ = {isa = PBXFileReference; explicitFileType = wrapper.application; includeInIndex = 0; path = "sdkdemo-mac.app"; sourceTree = BUILT_PRODUCTS_DIR; };
		6920415B29B0889B00594E5C /* sdkdemo_macApp.swift */ = {isa = PBXFileReference; lastKnownFileType = sourcecode.swift; path = sdkdemo_macApp.swift; sourceTree = "<group>"; };
		6920415D29B0889B00594E5C /* ContentView.swift */ = {isa = PBXFileReference; lastKnownFileType = sourcecode.swift; path = ContentView.swift; sourceTree = "<group>"; };
		6920415F29B0889D00594E5C /* Assets.xcassets */ = {isa = PBXFileReference; lastKnownFileType = folder.assetcatalog; path = Assets.xcassets; sourceTree = "<group>"; };
		6920416229B0889D00594E5C /* Preview Assets.xcassets */ = {isa = PBXFileReference; lastKnownFileType = folder.assetcatalog; path = "Preview Assets.xcassets"; sourceTree = "<group>"; };
		6920416429B0889D00594E5C /* Persistence.swift */ = {isa = PBXFileReference; lastKnownFileType = sourcecode.swift; path = Persistence.swift; sourceTree = "<group>"; };
		6920416729B0889D00594E5C /* sdkdemo_mac.xcdatamodel */ = {isa = PBXFileReference; lastKnownFileType = wrapper.xcdatamodel; path = sdkdemo_mac.xcdatamodel; sourceTree = "<group>"; };
		6920416929B0889D00594E5C /* sdkdemo_mac.entitlements */ = {isa = PBXFileReference; lastKnownFileType = text.plist.entitlements; path = sdkdemo_mac.entitlements; sourceTree = "<group>"; };
/* End PBXFileReference section */

/* Begin PBXFrameworksBuildPhase section */
		6920415529B0889B00594E5C /* Frameworks */ = {
			isa = PBXFrameworksBuildPhase;
			buildActionMask = 2147483647;
			files = (
			);
			runOnlyForDeploymentPostprocessing = 0;
		};
/* End PBXFrameworksBuildPhase section */

/* Begin PBXGroup section */
		6920414F29B0889B00594E5C = {
			isa = PBXGroup;
			children = (
				6920415A29B0889B00594E5C /* sdkdemo-mac */,
				6920415929B0889B00594E5C /* Products */,
			);
			sourceTree = "<group>";
		};
		6920415929B0889B00594E5C /* Products */ = {
			isa = PBXGroup;
			children = (
				6920415829B0889B00594E5C /* sdkdemo-mac.app */,
			);
			name = Products;
			sourceTree = "<group>";
		};
		6920415A29B0889B00594E5C /* sdkdemo-mac */ = {
			isa = PBXGroup;
			children = (
				6920415B29B0889B00594E5C /* sdkdemo_macApp.swift */,
				6920415D29B0889B00594E5C /* ContentView.swift */,
				6920415F29B0889D00594E5C /* Assets.xcassets */,
				6920416429B0889D00594E5C /* Persistence.swift */,
				6920416929B0889D00594E5C /* sdkdemo_mac.entitlements */,
				6920416629B0889D00594E5C /* sdkdemo_mac.xcdatamodeld */,
				6920416129B0889D00594E5C /* Preview Content */,
			);
			path = "sdkdemo-mac";
			sourceTree = "<group>";
		};
		6920416129B0889D00594E5C /* Preview Content */ = {
			isa = PBXGroup;
			children = (
				6920416229B0889D00594E5C /* Preview Assets.xcassets */,
			);
			path = "Preview Content";
			sourceTree = "<group>";
		};
/* End PBXGroup section */

/* Begin PBXNativeTarget section */
		6920415729B0889B00594E5C /* sdkdemo-mac */ = {
			isa = PBXNativeTarget;
			buildConfigurationList = 6920416C29B0889D00594E5C /* Build configuration list for PBXNativeTarget "sdkdemo-mac" */;
			buildPhases = (
				6920415429B0889B00594E5C /* Sources */,
				6920415529B0889B00594E5C /* Frameworks */,
				6920415629B0889B00594E5C /* Resources */,
			);
			buildRules = (
			);
			dependencies = (
			);
			name = "sdkdemo-mac";
			productName = "sdkdemo-mac";
			productReference = 6920415829B0889B00594E5C /* sdkdemo-mac.app */;
			productType = "com.apple.product-type.application";
		};
/* End PBXNativeTarget section */

/* Begin PBXProject section */
		6920415029B0889B00594E5C /* Project object */ = {
			isa = PBXProject;
			attributes = {
				BuildIndependentTargetsInParallel = 1;
				LastSwiftUpdateCheck = 1420;
				LastUpgradeCheck = 1420;
				TargetAttributes = {
					6920415729B0889B00594E5C = {
						CreatedOnToolsVersion = 14.2;
					};
				};
			};
			buildConfigurationList = 6920415329B0889B00594E5C /* Build configuration list for PBXProject "sdkdemo-mac" */;
			compatibilityVersion = "Xcode 14.0";
			developmentRegion = en;
			hasScannedForEncodings = 0;
			knownRegions = (
				en,
				Base,
			);
			mainGroup = 6920414F29B0889B00594E5C;
			productRefGroup = 6920415929B0889B00594E5C /* Products */;
			projectDirPath = "";
			projectRoot = "";
			targets = (
				6920415729B0889B00594E5C /* sdkdemo-mac */,
			);
		};
/* End PBXProject section */

/* Begin PBXResourcesBuildPhase section */
		6920415629B0889B00594E5C /* Resources */ = {
			isa = PBXResourcesBuildPhase;
			buildActionMask = 2147483647;
			files = (
				6920416329B0889D00594E5C /* Preview Assets.xcassets in Resources */,
				6920416029B0889D00594E5C /* Assets.xcassets in Resources */,
			);
			runOnlyForDeploymentPostprocessing = 0;
		};
/* End PBXResourcesBuildPhase section */

/* Begin PBXSourcesBuildPhase section */
		6920415429B0889B00594E5C /* Sources */ = {
			isa = PBXSourcesBuildPhase;
			buildActionMask = 2147483647;
			files = (
				6920416529B0889D00594E5C /* Persistence.swift in Sources */,
				6920415E29B0889B00594E5C /* ContentView.swift in Sources */,
				6920415C29B0889B00594E5C /* sdkdemo_macApp.swift in Sources */,
				6920416829B0889D00594E5C /* sdkdemo_mac.xcdatamodeld in Sources */,
			);
			runOnlyForDeploymentPostprocessing = 0;
		};
/* End PBXSourcesBuildPhase section */

/* Begin XCBuildConfiguration section */
		6920416A29B0889D00594E5C /* Debug */ = {
			isa = XCBuildConfiguration;
			buildSettings = {
				ALWAYS_SEARCH_USER_PATHS = NO;
				CLANG_ANALYZER_NONNULL = YES;
				CLANG_ANALYZER_NUMBER_OBJECT_CONVERSION = YES_AGGRESSIVE;
				CLANG_CXX_LANGUAGE_STANDARD = "gnu++20";
				CLANG_ENABLE_MODULES = YES;
				CLANG_ENABLE_OBJC_ARC = YES;
				CLANG_ENABLE_OBJC_WEAK = YES;
				CLANG_WARN_BLOCK_CAPTURE_AUTORELEASING = YES;
				CLANG_WARN_BOOL_CONVERSION = YES;
				CLANG_WARN_COMMA = YES;
				CLANG_WARN_CONSTANT_CONVERSION = YES;
				CLANG_WARN_DEPRECATED_OBJC_IMPLEMENTATIONS = YES;
				CLANG_WARN_DIRECT_OBJC_ISA_USAGE = YES_ERROR;
				CLANG_WARN_DOCUMENTATION_COMMENTS = YES;
				CLANG_WARN_EMPTY_BODY = YES;
				CLANG_WARN_ENUM_CONVERSION = YES;
				CLANG_WARN_INFINITE_RECURSION = YES;
				CLANG_WARN_INT_CONVERSION = YES;
				CLANG_WARN_NON_LITERAL_NULL_CONVERSION = YES;
				CLANG_WARN_OBJC_IMPLICIT_RETAIN_SELF = YES;
				CLANG_WARN_OBJC_LITERAL_CONVERSION = YES;
				CLANG_WARN_OBJC_ROOT_CLASS = YES_ERROR;
				CLANG_WARN_QUOTED_INCLUDE_IN_FRAMEWORK_HEADER = YES;
				CLANG_WARN_RANGE_LOOP_ANALYSIS = YES;
				CLANG_WARN_STRICT_PROTOTYPES = YES;
				CLANG_WARN_SUSPICIOUS_MOVE = YES;
				CLANG_WARN_UNGUARDED_AVAILABILITY = YES_AGGRESSIVE;
				CLANG_WARN_UNREACHABLE_CODE = YES;
				CLANG_WARN__DUPLICATE_METHOD_MATCH = YES;
				COPY_PHASE_STRIP = NO;
				DEBUG_INFORMATION_FORMAT = dwarf;
				ENABLE_STRICT_OBJC_MSGSEND = YES;
				ENABLE_TESTABILITY = YES;
				GCC_C_LANGUAGE_STANDARD = gnu11;
				GCC_DYNAMIC_NO_PIC = NO;
				GCC_NO_COMMON_BLOCKS = YES;
				GCC_OPTIMIZATION_LEVEL = 0;
				GCC_PREPROCESSOR_DEFINITIONS = (
					"DEBUG=1",
					"$(inherited)",
				);
				GCC_WARN_64_TO_32_BIT_CONVERSION = YES;
				GCC_WARN_ABOUT_RETURN_TYPE = YES_ERROR;
				GCC_WARN_UNDECLARED_SELECTOR = YES;
				GCC_WARN_UNINITIALIZED_AUTOS = YES_AGGRESSIVE;
				GCC_WARN_UNUSED_FUNCTION = YES;
				GCC_WARN_UNUSED_VARIABLE = YES;
				MACOSX_DEPLOYMENT_TARGET = 13.1;
				MTL_ENABLE_DEBUG_INFO = INCLUDE_SOURCE;
				MTL_FAST_MATH = YES;
				ONLY_ACTIVE_ARCH = YES;
				SDKROOT = macosx;
				SWIFT_ACTIVE_COMPILATION_CONDITIONS = DEBUG;
				SWIFT_OPTIMIZATION_LEVEL = "-Onone";
			};
			name = Debug;
		};
		6920416B29B0889D00594E5C /* Release */ = {
			isa = XCBuildConfiguration;
			buildSettings = {
				ALWAYS_SEARCH_USER_PATHS = NO;
				CLANG_ANALYZER_NONNULL = YES;
				CLANG_ANALYZER_NUMBER_OBJECT_CONVERSION = YES_AGGRESSIVE;
				CLANG_CXX_LANGUAGE_STANDARD = "gnu++20";
				CLANG_ENABLE_MODULES = YES;
				CLANG_ENABLE_OBJC_ARC = YES;
				CLANG_ENABLE_OBJC_WEAK = YES;
				CLANG_WARN_BLOCK_CAPTURE_AUTORELEASING = YES;
				CLANG_WARN_BOOL_CONVERSION = YES;
				CLANG_WARN_COMMA = YES;
				CLANG_WARN_CONSTANT_CONVERSION = YES;
				CLANG_WARN_DEPRECATED_OBJC_IMPLEMENTATIONS = YES;
				CLANG_WARN_DIRECT_OBJC_ISA_USAGE = YES_ERROR;
				CLANG_WARN_DOCUMENTATION_COMMENTS = YES;
				CLANG_WARN_EMPTY_BODY = YES;
				CLANG_WARN_ENUM_CONVERSION = YES;
				CLANG_WARN_INFINITE_RECURSION = YES;
				CLANG_WARN_INT_CONVERSION = YES;
				CLANG_WARN_NON_LITERAL_NULL_CONVERSION = YES;
				CLANG_WARN_OBJC_IMPLICIT_RETAIN_SELF = YES;
				CLANG_WARN_OBJC_LITERAL_CONVERSION = YES;
				CLANG_WARN_OBJC_ROOT_CLASS = YES_ERROR;
				CLANG_WARN_QUOTED_INCLUDE_IN_FRAMEWORK_HEADER = YES;
				CLANG_WARN_RANGE_LOOP_ANALYSIS = YES;
				CLANG_WARN_STRICT_PROTOTYPES = YES;
				CLANG_WARN_SUSPICIOUS_MOVE = YES;
				CLANG_WARN_UNGUARDED_AVAILABILITY = YES_AGGRESSIVE;
				CLANG_WARN_UNREACHABLE_CODE = YES;
				CLANG_WARN__DUPLICATE_METHOD_MATCH = YES;
				COPY_PHASE_STRIP = NO;
				DEBUG_INFORMATION_FORMAT = "dwarf-with-dsym";
				ENABLE_NS_ASSERTIONS = NO;
				ENABLE_STRICT_OBJC_MSGSEND = YES;
				GCC_C_LANGUAGE_STANDARD = gnu11;
				GCC_NO_COMMON_BLOCKS = YES;
				GCC_WARN_64_TO_32_BIT_CONVERSION = YES;
				GCC_WARN_ABOUT_RETURN_TYPE = YES_ERROR;
				GCC_WARN_UNDECLARED_SELECTOR = YES;
				GCC_WARN_UNINITIALIZED_AUTOS = YES_AGGRESSIVE;
				GCC_WARN_UNUSED_FUNCTION = YES;
				GCC_WARN_UNUSED_VARIABLE = YES;
				MACOSX_DEPLOYMENT_TARGET = 13.1;
				MTL_ENABLE_DEBUG_INFO = NO;
				MTL_FAST_MATH = YES;
				SDKROOT = macosx;
				SWIFT_COMPILATION_MODE = wholemodule;
				SWIFT_OPTIMIZATION_LEVEL = "-O";
			};
			name = Release;
		};
		6920416D29B0889D00594E5C /* Debug */ = {
			isa = XCBuildConfiguration;
			buildSettings = {
				ASSETCATALOG_COMPILER_APPICON_NAME = AppIcon;
				ASSETCATALOG_COMPILER_GLOBAL_ACCENT_COLOR_NAME = AccentColor;
				CODE_SIGN_ENTITLEMENTS = "sdkdemo-mac/sdkdemo_mac.entitlements";
				CODE_SIGN_STYLE = Automatic;
				COMBINE_HIDPI_IMAGES = YES;
				CURRENT_PROJECT_VERSION = 1;
				DEVELOPMENT_ASSET_PATHS = "\"sdkdemo-mac/Preview Content\"";
				DEVELOPMENT_TEAM = 6A53CAFMZ9;
				ENABLE_HARDENED_RUNTIME = YES;
				ENABLE_PREVIEWS = YES;
				GENERATE_INFOPLIST_FILE = YES;
				INFOPLIST_KEY_NSHumanReadableCopyright = "";
				LD_RUNPATH_SEARCH_PATHS = (
					"$(inherited)",
					"@executable_path/../Frameworks",
				);
				MARKETING_VERSION = 1.0;
				PRODUCT_BUNDLE_IDENTIFIER = "com.simpleorg.bstamp.sdkdemo-mac";
				PRODUCT_NAME = "$(TARGET_NAME)";
				SWIFT_EMIT_LOC_STRINGS = YES;
				SWIFT_VERSION = 5.0;
			};
			name = Debug;
		};
		6920416E29B0889D00594E5C /* Release */ = {
			isa = XCBuildConfiguration;
			buildSettings = {
				ASSETCATALOG_COMPILER_APPICON_NAME = AppIcon;
				ASSETCATALOG_COMPILER_GLOBAL_ACCENT_COLOR_NAME = AccentColor;
				CODE_SIGN_ENTITLEMENTS = "sdkdemo-mac/sdkdemo_mac.entitlements";
				CODE_SIGN_STYLE = Automatic;
				COMBINE_HIDPI_IMAGES = YES;
				CURRENT_PROJECT_VERSION = 1;
				DEVELOPMENT_ASSET_PATHS = "\"sdkdemo-mac/Preview Content\"";
				DEVELOPMENT_TEAM = 6A53CAFMZ9;
				ENABLE_HARDENED_RUNTIME = YES;
				ENABLE_PREVIEWS = YES;
				GENERATE_INFOPLIST_FILE = YES;
				INFOPLIST_KEY_NSHumanReadableCopyright = "";
				LD_RUNPATH_SEARCH_PATHS = (
					"$(inherited)",
					"@executable_path/../Frameworks",
				);
				MARKETING_VERSION = 1.0;
				PRODUCT_BUNDLE_IDENTIFIER = "com.simpleorg.bstamp.sdkdemo-mac";
				PRODUCT_NAME = "$(TARGET_NAME)";
				SWIFT_EMIT_LOC_STRINGS = YES;
				SWIFT_VERSION = 5.0;
			};
			name = Release;
		};
/* End XCBuildConfiguration section */

/* Begin XCConfigurationList section */
		6920415329B0889B00594E5C /* Build configuration list for PBXProject "sdkdemo-mac" */ = {
			isa = XCConfigurationList;
			buildConfigurations = (
				6920416A29B0889D00594E5C /* Debug */,
				6920416B29B0889D00594E5C /* Release */,
			);
			defaultConfigurationIsVisible = 0;
			defaultConfigurationName = Release;
		};
		6920416C29B0889D00594E5C /* Build configuration list for PBXNativeTarget "sdkdemo-mac" */ = {
			isa = XCConfigurationList;
			buildConfigurations = (
				6920416D29B0889D00594E5C /* Debug */,
				6920416E29B0889D00594E5C /* Release */,
			);
			defaultConfigurationIsVisible = 0;
			defaultConfigurationName = Release;
		};
/* End XCConfigurationList section */

/* Begin XCVersionGroup section */
		6920416629B0889D00594E5C /* sdkdemo_mac.xcdatamodeld */ = {
			isa = XCVersionGroup;
			children = (
				6920416729B0889D00594E5C /* sdkdemo_mac.xcdatamodel */,
			);
			currentVersion = 6920416729B0889D00594E5C /* sdkdemo_mac.xcdatamodel */;
			path = sdkdemo_mac.xcdatamodeld;
			sourceTree = "<group>";
			versionGroupType = wrapper.xcdatamodel;
		};
/* End XCVersionGroup section */
	};
	rootObject = 6920415029B0889B00594E5C /* Project object */;
}
